
Microsoft Visual Studio Solution File, Format Version 12.00
# Visual Studio Version 16
VisualStudioVersion = 16.0.31515.178
MinimumVisualStudioVersion = 10.0.40219.1
Project("{FAE04EC0-301F-11D3-BF4B-00C04F79EFBC}") = "homework_56", "homework_56.csproj", "{FEA8C372-5D69-4B74-87DC-0E8D4B176881}"
EndProject
Global
	GlobalSection(SolutionConfigurationPlatforms) = preSolution
		Debug|Any CPU = Debug|Any CPU
		Release|Any CPU = Release|Any CPU
	EndGlobalSection
	GlobalSection(ProjectConfigurationPlatforms) = postSolution
		{FEA8C372-5D69-4B74-87DC-0E8D4B176881}.Debug|Any CPU.ActiveCfg = Debug|Any CPU
		{FEA8C372-5D69-4B74-87DC-0E8D4B176881}.Debug|Any CPU.Build.0 = Debug|Any CPU
		{FEA8C372-5D69-4B74-87DC-0E8D4B176881}.Release|Any CPU.ActiveCfg = Release|Any CPU
		{FEA8C372-5D69-4B74-87DC-0E8D4B176881}.Release|Any CPU.Build.0 = Release|Any CPU
	EndGlobalSection
	GlobalSection(SolutionProperties) = preSolution
		HideSolutionNode = FALSE
	EndGlobalSection
	GlobalSection(ExtensibilityGlobals) = postSolution
		SolutionGuid = {F43B3A4F-5BEE-4FD7-941D-F8DEB8B0FC3F}
	EndGlobalSection
EndGlobal
